
Microsoft Visual Studio Solution File, Format Version 12.00
# Visual Studio Version 17
VisualStudioVersion = 17.4.33122.133
MinimumVisualStudioVersion = 10.0.40219.1
Project("{FAE04EC0-301F-11D3-BF4B-00C04F79EFBC}") = "Sat", "Sat.csproj", "{58879186-EBCF-46C1-9972-03FB98BBE3B2}"
EndProject
Global
	GlobalSection(SolutionConfigurationPlatforms) = preSolution
		Debug|Any CPU = Debug|Any CPU
		Release|Any CPU = Release|Any CPU
	EndGlobalSection
	GlobalSection(ProjectConfigurationPlatforms) = postSolution
		{58879186-EBCF-46C1-9972-03FB98BBE3B2}.Debug|Any CPU.ActiveCfg = Debug|Any CPU
		{58879186-EBCF-46C1-9972-03FB98BBE3B2}.Debug|Any CPU.Build.0 = Debug|Any CPU
		{58879186-EBCF-46C1-9972-03FB98BBE3B2}.Release|Any CPU.ActiveCfg = Release|Any CPU
		{58879186-EBCF-46C1-9972-03FB98BBE3B2}.Release|Any CPU.Build.0 = Release|Any CPU
	EndGlobalSection
	GlobalSection(SolutionProperties) = preSolution
		HideSolutionNode = FALSE
	EndGlobalSection
	GlobalSection(ExtensibilityGlobals) = postSolution
		SolutionGuid = {939D5497-EC87-434F-A068-8769215A57F2}
	EndGlobalSection
EndGlobal
